# @generated by Move, please check-in and do not edit manually.

[move]
version = 3
manifest_digest = "2F1BA5CC07E9DF0AA44DF134B380A3C2E82A6664FD526C5BA086C2C50D45880A"
deps_digest = "F9B494B64F0615AED0E98FC12A85B85ECD2BC5185C22D30E7F67786BB52E507C"
dependencies = [
  { id = "Bridge", name = "Bridge" },
  { id = "MoveStdlib", name = "MoveStdlib" },
  { id = "Sui", name = "Sui" },
  { id = "SuiSystem", name = "SuiSystem" },
]

[[move.package]]
id = "Bridge"
source = { git = "https://github.com/MystenLabs/sui.git", rev = "61dcfdbe2ddc7ad05d27fc10cd09d4c6cc151acd", subdir = "crates/sui-framework/packages/bridge" }

dependencies = [
  { id = "MoveStdlib", name = "MoveStdlib" },
  { id = "Sui", name = "Sui" },
  { id = "SuiSystem", name = "SuiSystem" },
]

[[move.package]]
id = "MoveStdlib"
source = { git = "https://github.com/MystenLabs/sui.git", rev = "61dcfdbe2ddc7ad05d27fc10cd09d4c6cc151acd", subdir = "crates/sui-framework/packages/move-stdlib" }

[[move.package]]
id = "Sui"
source = { git = "https://github.com/MystenLabs/sui.git", rev = "61dcfdbe2ddc7ad05d27fc10cd09d4c6cc151acd", subdir = "crates/sui-framework/packages/sui-framework" }

dependencies = [
  { id = "MoveStdlib", name = "MoveStdlib" },
]

[[move.package]]
id = "SuiSystem"
source = { git = "https://github.com/MystenLabs/sui.git", rev = "61dcfdbe2ddc7ad05d27fc10cd09d4c6cc151acd", subdir = "crates/sui-framework/packages/sui-system" }

dependencies = [
  { id = "MoveStdlib", name = "MoveStdlib" },
  { id = "Sui", name = "Sui" },
]

[move.toolchain-version]
compiler-version = "1.62.0"
edition = "2024.beta"
flavor = "sui"

[env]

[env.devnet]
chain-id = "58e278c2"
original-published-id = "0xcf09cd411d963a58df45c97ac83c235ebae1cdba4198357472143a768087dec0"
latest-published-id = "0xcf09cd411d963a58df45c97ac83c235ebae1cdba4198357472143a768087dec0"
published-version = "1"

[env.testnet]
chain-id = "4c78adac"
original-published-id = "0xea9988be2c016f4c10a1b18e578a6e8129e6dba49b035aa92f22459e21c9d9ee"
latest-published-id = "0xea9988be2c016f4c10a1b18e578a6e8129e6dba49b035aa92f22459e21c9d9ee"
published-version = "1"
